
Microsoft Visual Studio Solution File, Format Version 12.00
# Visual Studio 15
VisualStudioVersion = 15.0.28307.1259
MinimumVisualStudioVersion = 10.0.40219.1
Project("{FAE04EC0-301F-11D3-BF4B-00C04F79EFBC}") = "StoreFront.UI.MVC", "StoreFront\StoreFront.UI.MVC.csproj", "{2E1C4A90-9997-485A-8C52-4BAD93B8729B}"
EndProject
Project("{FAE04EC0-301F-11D3-BF4B-00C04F79EFBC}") = "StoreFront.DATA.EF", "StoreFront.DATA.EF\StoreFront.DATA.EF.csproj", "{AE9DA6F6-E356-47B2-961B-6786999CFEA2}"
EndProject
Global
	GlobalSection(SolutionConfigurationPlatforms) = preSolution
		Debug|Any CPU = Debug|Any CPU
		Release|Any CPU = Release|Any CPU
	EndGlobalSection
	GlobalSection(ProjectConfigurationPlatforms) = postSolution
		{2E1C4A90-9997-485A-8C52-4BAD93B8729B}.Debug|Any CPU.ActiveCfg = Debug|Any CPU
		{2E1C4A90-9997-485A-8C52-4BAD93B8729B}.Debug|Any CPU.Build.0 = Debug|Any CPU
		{2E1C4A90-9997-485A-8C52-4BAD93B8729B}.Release|Any CPU.ActiveCfg = Release|Any CPU
		{2E1C4A90-9997-485A-8C52-4BAD93B8729B}.Release|Any CPU.Build.0 = Release|Any CPU
		{AE9DA6F6-E356-47B2-961B-6786999CFEA2}.Debug|Any CPU.ActiveCfg = Debug|Any CPU
		{AE9DA6F6-E356-47B2-961B-6786999CFEA2}.Debug|Any CPU.Build.0 = Debug|Any CPU
		{AE9DA6F6-E356-47B2-961B-6786999CFEA2}.Release|Any CPU.ActiveCfg = Release|Any CPU
		{AE9DA6F6-E356-47B2-961B-6786999CFEA2}.Release|Any CPU.Build.0 = Release|Any CPU
	EndGlobalSection
	GlobalSection(SolutionProperties) = preSolution
		HideSolutionNode = FALSE
	EndGlobalSection
	GlobalSection(ExtensibilityGlobals) = postSolution
		SolutionGuid = {115916A5-2F5B-4ABB-A511-1DC716DE9470}
	EndGlobalSection
EndGlobal
